# This file is automatically @generated by Poetry 2.2.1 and should not be changed by hand.

[[package]]
name = "python-osc"
version = "1.9.3"
description = "Open Sound Control server and client implementations in pure Python"
optional = false
python-versions = ">=3.10"
groups = ["main"]
files = [
    {file = "python_osc-1.9.3-py3-none-any.whl", hash = "sha256:7def2075be72f07bae5a4c1a55cc7d907b247f4a5d910f3159ed30ac2b1f17cc"},
    {file = "python_osc-1.9.3.tar.gz", hash = "sha256:bd0fa40def43ce509894709feb0e18f02192aca192c5e6c8fe2ba69e58f21794"},
]

[metadata]
lock-version = "2.1"
python-versions = ">=3.14"
content-hash = "65be6e7ceab8de3305841735186dffcbb7728d5df283d4506f744ee67c50c364"
